
Microsoft Visual Studio Solution File, Format Version 12.00
# Visual Studio Version 17
VisualStudioVersion = 17.1.32407.343
MinimumVisualStudioVersion = 10.0.40219.1
Project("{FAE04EC0-301F-11D3-BF4B-00C04F79EFBC}") = "EntityFramework.LabExercise2", "EntityFramework.LabExercise2.csproj", "{B757E2EB-E3AF-4918-9946-0A9A7B3408B4}"
EndProject
Global
	GlobalSection(SolutionConfigurationPlatforms) = preSolution
		Debug|Any CPU = Debug|Any CPU
		Release|Any CPU = Release|Any CPU
	EndGlobalSection
	GlobalSection(ProjectConfigurationPlatforms) = postSolution
		{B757E2EB-E3AF-4918-9946-0A9A7B3408B4}.Debug|Any CPU.ActiveCfg = Debug|Any CPU
		{B757E2EB-E3AF-4918-9946-0A9A7B3408B4}.Debug|Any CPU.Build.0 = Debug|Any CPU
		{B757E2EB-E3AF-4918-9946-0A9A7B3408B4}.Release|Any CPU.ActiveCfg = Release|Any CPU
		{B757E2EB-E3AF-4918-9946-0A9A7B3408B4}.Release|Any CPU.Build.0 = Release|Any CPU
	EndGlobalSection
	GlobalSection(SolutionProperties) = preSolution
		HideSolutionNode = FALSE
	EndGlobalSection
	GlobalSection(ExtensibilityGlobals) = postSolution
		SolutionGuid = {2EC50BE4-1FC7-48E2-A441-656AD70A31EB}
	EndGlobalSection
EndGlobal
